// !$*UTF8*$!
{
	archiveVersion = 1;
	classes = {
	};
	objectVersion = 55;
	objects = {

/* Begin PBXBuildFile section */
		7F710F26297A422F00C2CF3D /* PrefecturesSecondView.swift in Sources */ = {isa = PBXBuildFile; fileRef = 7F710F25297A422E00C2CF3D /* PrefecturesSecondView.swift */; };
		7F7D75FB297615170089EFC4 /* OneCallOpenWeatherApp.swift in Sources */ = {isa = PBXBuildFile; fileRef = 7F7D75FA297615170089EFC4 /* OneCallOpenWeatherApp.swift */; };
		7F7D75FD297615170089EFC4 /* ContentView.swift in Sources */ = {isa = PBXBuildFile; fileRef = 7F7D75FC297615170089EFC4 /* ContentView.swift */; };
		7F7D75FF2976151A0089EFC4 /* Assets.xcassets in Resources */ = {isa = PBXBuildFile; fileRef = 7F7D75FE2976151A0089EFC4 /* Assets.xcassets */; };
		7F7D76022976151A0089EFC4 /* Preview Assets.xcassets in Resources */ = {isa = PBXBuildFile; fileRef = 7F7D76012976151A0089EFC4 /* Preview Assets.xcassets */; };
		7F7D760A297619030089EFC4 /* PrefecturesView.swift in Sources */ = {isa = PBXBuildFile; fileRef = 7F7D7609297619030089EFC4 /* PrefecturesView.swift */; };
		7F7D760C297619340089EFC4 /* PrefecturesData.swift in Sources */ = {isa = PBXBuildFile; fileRef = 7F7D760B297619340089EFC4 /* PrefecturesData.swift */; };
		7F7D760E2976238E0089EFC4 /* WeatherData.swift in Sources */ = {isa = PBXBuildFile; fileRef = 7F7D760D2976238E0089EFC4 /* WeatherData.swift */; };
		7F7D76112976244E0089EFC4 /* WeatherSheetView.swift in Sources */ = {isa = PBXBuildFile; fileRef = 7F7D76102976244E0089EFC4 /* WeatherSheetView.swift */; };
		7F7D7613297624750089EFC4 /* APIService.swift in Sources */ = {isa = PBXBuildFile; fileRef = 7F7D7612297624750089EFC4 /* APIService.swift */; };
		7F7D76152976248A0089EFC4 /* EightWeatherStructure.swift in Sources */ = {isa = PBXBuildFile; fileRef = 7F7D76142976248A0089EFC4 /* EightWeatherStructure.swift */; };
		7F7D7617297626750089EFC4 /* WeatherSheetViewModel.swift in Sources */ = {isa = PBXBuildFile; fileRef = 7F7D7616297626750089EFC4 /* WeatherSheetViewModel.swift */; };
		7FAF756D297784E7004E1BC1 /* APIKEY.plist in Resources */ = {isa = PBXBuildFile; fileRef = 7FAF756C297784E7004E1BC1 /* APIKEY.plist */; };
		7FAF756F2977857C004E1BC1 /* APIkeyHelper.swift in Sources */ = {isa = PBXBuildFile; fileRef = 7FAF756E2977857C004E1BC1 /* APIkeyHelper.swift */; };
/* End PBXBuildFile section */

/* Begin PBXFileReference section */
		7F710F25297A422E00C2CF3D /* PrefecturesSecondView.swift */ = {isa = PBXFileReference; lastKnownFileType = sourcecode.swift; path = PrefecturesSecondView.swift; sourceTree = "<group>"; };
		7F7D75F7297615170089EFC4 /* OneCallOpenWeather.app */ = {isa = PBXFileReference; explicitFileType = wrapper.application; includeInIndex = 0; path = OneCallOpenWeather.app; sourceTree = BUILT_PRODUCTS_DIR; };
		7F7D75FA297615170089EFC4 /* OneCallOpenWeatherApp.swift */ = {isa = PBXFileReference; lastKnownFileType = sourcecode.swift; path = OneCallOpenWeatherApp.swift; sourceTree = "<group>"; };
		7F7D75FC297615170089EFC4 /* ContentView.swift */ = {isa = PBXFileReference; lastKnownFileType = sourcecode.swift; path = ContentView.swift; sourceTree = "<group>"; };
		7F7D75FE2976151A0089EFC4 /* Assets.xcassets */ = {isa = PBXFileReference; lastKnownFileType = folder.assetcatalog; path = Assets.xcassets; sourceTree = "<group>"; };
		7F7D76012976151A0089EFC4 /* Preview Assets.xcassets */ = {isa = PBXFileReference; lastKnownFileType = folder.assetcatalog; path = "Preview Assets.xcassets"; sourceTree = "<group>"; };
		7F7D7609297619030089EFC4 /* PrefecturesView.swift */ = {isa = PBXFileReference; lastKnownFileType = sourcecode.swift; path = PrefecturesView.swift; sourceTree = "<group>"; };
		7F7D760B297619340089EFC4 /* PrefecturesData.swift */ = {isa = PBXFileReference; lastKnownFileType = sourcecode.swift; path = PrefecturesData.swift; sourceTree = "<group>"; };
		7F7D760D2976238E0089EFC4 /* WeatherData.swift */ = {isa = PBXFileReference; lastKnownFileType = sourcecode.swift; path = WeatherData.swift; sourceTree = "<group>"; };
		7F7D76102976244E0089EFC4 /* WeatherSheetView.swift */ = {isa = PBXFileReference; lastKnownFileType = sourcecode.swift; path = WeatherSheetView.swift; sourceTree = "<group>"; };
		7F7D7612297624750089EFC4 /* APIService.swift */ = {isa = PBXFileReference; lastKnownFileType = sourcecode.swift; path = APIService.swift; sourceTree = "<group>"; };
		7F7D76142976248A0089EFC4 /* EightWeatherStructure.swift */ = {isa = PBXFileReference; lastKnownFileType = sourcecode.swift; path = EightWeatherStructure.swift; sourceTree = "<group>"; };
		7F7D7616297626750089EFC4 /* WeatherSheetViewModel.swift */ = {isa = PBXFileReference; lastKnownFileType = sourcecode.swift; path = WeatherSheetViewModel.swift; sourceTree = "<group>"; };
		7FAF756C297784E7004E1BC1 /* APIKEY.plist */ = {isa = PBXFileReference; lastKnownFileType = text.plist.xml; path = APIKEY.plist; sourceTree = "<group>"; };
		7FAF756E2977857C004E1BC1 /* APIkeyHelper.swift */ = {isa = PBXFileReference; lastKnownFileType = sourcecode.swift; path = APIkeyHelper.swift; sourceTree = "<group>"; };
/* End PBXFileReference section */

/* Begin PBXFrameworksBuildPhase section */
		7F7D75F4297615170089EFC4 /* Frameworks */ = {
			isa = PBXFrameworksBuildPhase;
			buildActionMask = 2147483647;
			files = (
			);
			runOnlyForDeploymentPostprocessing = 0;
		};
/* End PBXFrameworksBuildPhase section */

/* Begin PBXGroup section */
		7F7D75EE297615170089EFC4 = {
			isa = PBXGroup;
			children = (
				7FAF756C297784E7004E1BC1 /* APIKEY.plist */,
				7F7D760F297624020089EFC4 /* OpenWeatherAPI */,
				7F7D7608297618CA0089EFC4 /* Prefectures */,
				7F7D75F9297615170089EFC4 /* OneCallOpenWeather */,
				7F7D75F8297615170089EFC4 /* Products */,
			);
			sourceTree = "<group>";
		};
		7F7D75F8297615170089EFC4 /* Products */ = {
			isa = PBXGroup;
			children = (
				7F7D75F7297615170089EFC4 /* OneCallOpenWeather.app */,
			);
			name = Products;
			sourceTree = "<group>";
		};
		7F7D75F9297615170089EFC4 /* OneCallOpenWeather */ = {
			isa = PBXGroup;
			children = (
				7F7D75FA297615170089EFC4 /* OneCallOpenWeatherApp.swift */,
				7F7D75FC297615170089EFC4 /* ContentView.swift */,
				7F7D75FE2976151A0089EFC4 /* Assets.xcassets */,
				7F7D76002976151A0089EFC4 /* Preview Content */,
			);
			path = OneCallOpenWeather;
			sourceTree = "<group>";
		};
		7F7D76002976151A0089EFC4 /* Preview Content */ = {
			isa = PBXGroup;
			children = (
				7F7D76012976151A0089EFC4 /* Preview Assets.xcassets */,
			);
			path = "Preview Content";
			sourceTree = "<group>";
		};
		7F7D7608297618CA0089EFC4 /* Prefectures */ = {
			isa = PBXGroup;
			children = (
				7F7D7609297619030089EFC4 /* PrefecturesView.swift */,
				7F7D760B297619340089EFC4 /* PrefecturesData.swift */,
				7F7D760D2976238E0089EFC4 /* WeatherData.swift */,
				7F710F25297A422E00C2CF3D /* PrefecturesSecondView.swift */,
			);
			path = Prefectures;
			sourceTree = "<group>";
		};
		7F7D760F297624020089EFC4 /* OpenWeatherAPI */ = {
			isa = PBXGroup;
			children = (
				7F7D76102976244E0089EFC4 /* WeatherSheetView.swift */,
				7F7D7616297626750089EFC4 /* WeatherSheetViewModel.swift */,
				7F7D7612297624750089EFC4 /* APIService.swift */,
				7F7D76142976248A0089EFC4 /* EightWeatherStructure.swift */,
				7FAF756E2977857C004E1BC1 /* APIkeyHelper.swift */,
			);
			path = OpenWeatherAPI;
			sourceTree = "<group>";
		};
/* End PBXGroup section */

/* Begin PBXNativeTarget section */
		7F7D75F6297615170089EFC4 /* OneCallOpenWeather */ = {
			isa = PBXNativeTarget;
			buildConfigurationList = 7F7D76052976151A0089EFC4 /* Build configuration list for PBXNativeTarget "OneCallOpenWeather" */;
			buildPhases = (
				7F7D75F3297615170089EFC4 /* Sources */,
				7F7D75F4297615170089EFC4 /* Frameworks */,
				7F7D75F5297615170089EFC4 /* Resources */,
			);
			buildRules = (
			);
			dependencies = (
			);
			name = OneCallOpenWeather;
			productName = OneCallOpenWeather;
			productReference = 7F7D75F7297615170089EFC4 /* OneCallOpenWeather.app */;
			productType = "com.apple.product-type.application";
		};
/* End PBXNativeTarget section */

/* Begin PBXProject section */
		7F7D75EF297615170089EFC4 /* Project object */ = {
			isa = PBXProject;
			attributes = {
				BuildIndependentTargetsInParallel = 1;
				LastSwiftUpdateCheck = 1340;
				LastUpgradeCheck = 1340;
				TargetAttributes = {
					7F7D75F6297615170089EFC4 = {
						CreatedOnToolsVersion = 13.4.1;
					};
				};
			};
			buildConfigurationList = 7F7D75F2297615170089EFC4 /* Build configuration list for PBXProject "OneCallOpenWeather" */;
			compatibilityVersion = "Xcode 13.0";
			developmentRegion = en;
			hasScannedForEncodings = 0;
			knownRegions = (
				en,
				Base,
			);
			mainGroup = 7F7D75EE297615170089EFC4;
			productRefGroup = 7F7D75F8297615170089EFC4 /* Products */;
			projectDirPath = "";
			projectRoot = "";
			targets = (
				7F7D75F6297615170089EFC4 /* OneCallOpenWeather */,
			);
		};
/* End PBXProject section */

/* Begin PBXResourcesBuildPhase section */
		7F7D75F5297615170089EFC4 /* Resources */ = {
			isa = PBXResourcesBuildPhase;
			buildActionMask = 2147483647;
			files = (
				7F7D76022976151A0089EFC4 /* Preview Assets.xcassets in Resources */,
				7F7D75FF2976151A0089EFC4 /* Assets.xcassets in Resources */,
				7FAF756D297784E7004E1BC1 /* APIKEY.plist in Resources */,
			);
			runOnlyForDeploymentPostprocessing = 0;
		};
/* End PBXResourcesBuildPhase section */

/* Begin PBXSourcesBuildPhase section */
		7F7D75F3297615170089EFC4 /* Sources */ = {
			isa = PBXSourcesBuildPhase;
			buildActionMask = 2147483647;
			files = (
				7F7D76152976248A0089EFC4 /* EightWeatherStructure.swift in Sources */,
				7F7D75FD297615170089EFC4 /* ContentView.swift in Sources */,
				7F7D7613297624750089EFC4 /* APIService.swift in Sources */,
				7F7D760E2976238E0089EFC4 /* WeatherData.swift in Sources */,
				7F7D7617297626750089EFC4 /* WeatherSheetViewModel.swift in Sources */,
				7F710F26297A422F00C2CF3D /* PrefecturesSecondView.swift in Sources */,
				7F7D75FB297615170089EFC4 /* OneCallOpenWeatherApp.swift in Sources */,
				7F7D760C297619340089EFC4 /* PrefecturesData.swift in Sources */,
				7F7D760A297619030089EFC4 /* PrefecturesView.swift in Sources */,
				7FAF756F2977857C004E1BC1 /* APIkeyHelper.swift in Sources */,
				7F7D76112976244E0089EFC4 /* WeatherSheetView.swift in Sources */,
			);
			runOnlyForDeploymentPostprocessing = 0;
		};
/* End PBXSourcesBuildPhase section */

/* Begin XCBuildConfiguration section */
		7F7D76032976151A0089EFC4 /* Debug */ = {
			isa = XCBuildConfiguration;
			buildSettings = {
				ALWAYS_SEARCH_USER_PATHS = NO;
				CLANG_ANALYZER_NONNULL = YES;
				CLANG_ANALYZER_NUMBER_OBJECT_CONVERSION = YES_AGGRESSIVE;
				CLANG_CXX_LANGUAGE_STANDARD = "gnu++17";
				CLANG_ENABLE_MODULES = YES;
				CLANG_ENABLE_OBJC_ARC = YES;
				CLANG_ENABLE_OBJC_WEAK = YES;
				CLANG_WARN_BLOCK_CAPTURE_AUTORELEASING = YES;
				CLANG_WARN_BOOL_CONVERSION = YES;
				CLANG_WARN_COMMA = YES;
				CLANG_WARN_CONSTANT_CONVERSION = YES;
				CLANG_WARN_DEPRECATED_OBJC_IMPLEMENTATIONS = YES;
				CLANG_WARN_DIRECT_OBJC_ISA_USAGE = YES_ERROR;
				CLANG_WARN_DOCUMENTATION_COMMENTS = YES;
				CLANG_WARN_EMPTY_BODY = YES;
				CLANG_WARN_ENUM_CONVERSION = YES;
				CLANG_WARN_INFINITE_RECURSION = YES;
				CLANG_WARN_INT_CONVERSION = YES;
				CLANG_WARN_NON_LITERAL_NULL_CONVERSION = YES;
				CLANG_WARN_OBJC_IMPLICIT_RETAIN_SELF = YES;
				CLANG_WARN_OBJC_LITERAL_CONVERSION = YES;
				CLANG_WARN_OBJC_ROOT_CLASS = YES_ERROR;
				CLANG_WARN_QUOTED_INCLUDE_IN_FRAMEWORK_HEADER = YES;
				CLANG_WARN_RANGE_LOOP_ANALYSIS = YES;
				CLANG_WARN_STRICT_PROTOTYPES = YES;
				CLANG_WARN_SUSPICIOUS_MOVE = YES;
				CLANG_WARN_UNGUARDED_AVAILABILITY = YES_AGGRESSIVE;
				CLANG_WARN_UNREACHABLE_CODE = YES;
				CLANG_WARN__DUPLICATE_METHOD_MATCH = YES;
				COPY_PHASE_STRIP = NO;
				DEBUG_INFORMATION_FORMAT = dwarf;
				ENABLE_STRICT_OBJC_MSGSEND = YES;
				ENABLE_TESTABILITY = YES;
				GCC_C_LANGUAGE_STANDARD = gnu11;
				GCC_DYNAMIC_NO_PIC = NO;
				GCC_NO_COMMON_BLOCKS = YES;
				GCC_OPTIMIZATION_LEVEL = 0;
				GCC_PREPROCESSOR_DEFINITIONS = (
					"DEBUG=1",
					"$(inherited)",
				);
				GCC_WARN_64_TO_32_BIT_CONVERSION = YES;
				GCC_WARN_ABOUT_RETURN_TYPE = YES_ERROR;
				GCC_WARN_UNDECLARED_SELECTOR = YES;
				GCC_WARN_UNINITIALIZED_AUTOS = YES_AGGRESSIVE;
				GCC_WARN_UNUSED_FUNCTION = YES;
				GCC_WARN_UNUSED_VARIABLE = YES;
				IPHONEOS_DEPLOYMENT_TARGET = 15.5;
				MTL_ENABLE_DEBUG_INFO = INCLUDE_SOURCE;
				MTL_FAST_MATH = YES;
				ONLY_ACTIVE_ARCH = YES;
				SDKROOT = iphoneos;
				SWIFT_ACTIVE_COMPILATION_CONDITIONS = DEBUG;
				SWIFT_OPTIMIZATION_LEVEL = "-Onone";
			};
			name = Debug;
		};
		7F7D76042976151A0089EFC4 /* Release */ = {
			isa = XCBuildConfiguration;
			buildSettings = {
				ALWAYS_SEARCH_USER_PATHS = NO;
				CLANG_ANALYZER_NONNULL = YES;
				CLANG_ANALYZER_NUMBER_OBJECT_CONVERSION = YES_AGGRESSIVE;
				CLANG_CXX_LANGUAGE_STANDARD = "gnu++17";
				CLANG_ENABLE_MODULES = YES;
				CLANG_ENABLE_OBJC_ARC = YES;
				CLANG_ENABLE_OBJC_WEAK = YES;
				CLANG_WARN_BLOCK_CAPTURE_AUTORELEASING = YES;
				CLANG_WARN_BOOL_CONVERSION = YES;
				CLANG_WARN_COMMA = YES;
				CLANG_WARN_CONSTANT_CONVERSION = YES;
				CLANG_WARN_DEPRECATED_OBJC_IMPLEMENTATIONS = YES;
				CLANG_WARN_DIRECT_OBJC_ISA_USAGE = YES_ERROR;
				CLANG_WARN_DOCUMENTATION_COMMENTS = YES;
				CLANG_WARN_EMPTY_BODY = YES;
				CLANG_WARN_ENUM_CONVERSION = YES;
				CLANG_WARN_INFINITE_RECURSION = YES;
				CLANG_WARN_INT_CONVERSION = YES;
				CLANG_WARN_NON_LITERAL_NULL_CONVERSION = YES;
				CLANG_WARN_OBJC_IMPLICIT_RETAIN_SELF = YES;
				CLANG_WARN_OBJC_LITERAL_CONVERSION = YES;
				CLANG_WARN_OBJC_ROOT_CLASS = YES_ERROR;
				CLANG_WARN_QUOTED_INCLUDE_IN_FRAMEWORK_HEADER = YES;
				CLANG_WARN_RANGE_LOOP_ANALYSIS = YES;
				CLANG_WARN_STRICT_PROTOTYPES = YES;
				CLANG_WARN_SUSPICIOUS_MOVE = YES;
				CLANG_WARN_UNGUARDED_AVAILABILITY = YES_AGGRESSIVE;
				CLANG_WARN_UNREACHABLE_CODE = YES;
				CLANG_WARN__DUPLICATE_METHOD_MATCH = YES;
				COPY_PHASE_STRIP = NO;
				DEBUG_INFORMATION_FORMAT = "dwarf-with-dsym";
				ENABLE_NS_ASSERTIONS = NO;
				ENABLE_STRICT_OBJC_MSGSEND = YES;
				GCC_C_LANGUAGE_STANDARD = gnu11;
				GCC_NO_COMMON_BLOCKS = YES;
				GCC_WARN_64_TO_32_BIT_CONVERSION = YES;
				GCC_WARN_ABOUT_RETURN_TYPE = YES_ERROR;
				GCC_WARN_UNDECLARED_SELECTOR = YES;
				GCC_WARN_UNINITIALIZED_AUTOS = YES_AGGRESSIVE;
				GCC_WARN_UNUSED_FUNCTION = YES;
				GCC_WARN_UNUSED_VARIABLE = YES;
				IPHONEOS_DEPLOYMENT_TARGET = 15.5;
				MTL_ENABLE_DEBUG_INFO = NO;
				MTL_FAST_MATH = YES;
				SDKROOT = iphoneos;
				SWIFT_COMPILATION_MODE = wholemodule;
				SWIFT_OPTIMIZATION_LEVEL = "-O";
				VALIDATE_PRODUCT = YES;
			};
			name = Release;
		};
		7F7D76062976151A0089EFC4 /* Debug */ = {
			isa = XCBuildConfiguration;
			buildSettings = {
				ASSETCATALOG_COMPILER_APPICON_NAME = AppIcon;
				ASSETCATALOG_COMPILER_GLOBAL_ACCENT_COLOR_NAME = AccentColor;
				CODE_SIGN_STYLE = Automatic;
				CURRENT_PROJECT_VERSION = 1;
				DEVELOPMENT_ASSET_PATHS = "\"OneCallOpenWeather/Preview Content\"";
				DEVELOPMENT_TEAM = 7TTR558XKB;
				ENABLE_PREVIEWS = YES;
				GENERATE_INFOPLIST_FILE = YES;
				INFOPLIST_KEY_UIApplicationSceneManifest_Generation = YES;
				INFOPLIST_KEY_UIApplicationSupportsIndirectInputEvents = YES;
				INFOPLIST_KEY_UILaunchScreen_Generation = YES;
				INFOPLIST_KEY_UISupportedInterfaceOrientations_iPad = "UIInterfaceOrientationPortrait UIInterfaceOrientationPortraitUpsideDown UIInterfaceOrientationLandscapeLeft UIInterfaceOrientationLandscapeRight";
				INFOPLIST_KEY_UISupportedInterfaceOrientations_iPhone = "UIInterfaceOrientationPortrait UIInterfaceOrientationLandscapeLeft UIInterfaceOrientationLandscapeRight";
				LD_RUNPATH_SEARCH_PATHS = (
					"$(inherited)",
					"@executable_path/Frameworks",
				);
				MARKETING_VERSION = 1.0;
				PRODUCT_BUNDLE_IDENTIFIER = jp.ac.jec.cm.OneCallOpenWeather;
				PRODUCT_NAME = "$(TARGET_NAME)";
				SWIFT_EMIT_LOC_STRINGS = YES;
				SWIFT_VERSION = 5.0;
				TARGETED_DEVICE_FAMILY = "1,2";
			};
			name = Debug;
		};
		7F7D76072976151A0089EFC4 /* Release */ = {
			isa = XCBuildConfiguration;
			buildSettings = {
				ASSETCATALOG_COMPILER_APPICON_NAME = AppIcon;
				ASSETCATALOG_COMPILER_GLOBAL_ACCENT_COLOR_NAME = AccentColor;
				CODE_SIGN_STYLE = Automatic;
				CURRENT_PROJECT_VERSION = 1;
				DEVELOPMENT_ASSET_PATHS = "\"OneCallOpenWeather/Preview Content\"";
				DEVELOPMENT_TEAM = 7TTR558XKB;
				ENABLE_PREVIEWS = YES;
				GENERATE_INFOPLIST_FILE = YES;
				INFOPLIST_KEY_UIApplicationSceneManifest_Generation = YES;
				INFOPLIST_KEY_UIApplicationSupportsIndirectInputEvents = YES;
				INFOPLIST_KEY_UILaunchScreen_Generation = YES;
				INFOPLIST_KEY_UISupportedInterfaceOrientations_iPad = "UIInterfaceOrientationPortrait UIInterfaceOrientationPortraitUpsideDown UIInterfaceOrientationLandscapeLeft UIInterfaceOrientationLandscapeRight";
				INFOPLIST_KEY_UISupportedInterfaceOrientations_iPhone = "UIInterfaceOrientationPortrait UIInterfaceOrientationLandscapeLeft UIInterfaceOrientationLandscapeRight";
				LD_RUNPATH_SEARCH_PATHS = (
					"$(inherited)",
					"@executable_path/Frameworks",
				);
				MARKETING_VERSION = 1.0;
				PRODUCT_BUNDLE_IDENTIFIER = jp.ac.jec.cm.OneCallOpenWeather;
				PRODUCT_NAME = "$(TARGET_NAME)";
				SWIFT_EMIT_LOC_STRINGS = YES;
				SWIFT_VERSION = 5.0;
				TARGETED_DEVICE_FAMILY = "1,2";
			};
			name = Release;
		};
/* End XCBuildConfiguration section */

/* Begin XCConfigurationList section */
		7F7D75F2297615170089EFC4 /* Build configuration list for PBXProject "OneCallOpenWeather" */ = {
			isa = XCConfigurationList;
			buildConfigurations = (
				7F7D76032976151A0089EFC4 /* Debug */,
				7F7D76042976151A0089EFC4 /* Release */,
			);
			defaultConfigurationIsVisible = 0;
			defaultConfigurationName = Release;
		};
		7F7D76052976151A0089EFC4 /* Build configuration list for PBXNativeTarget "OneCallOpenWeather" */ = {
			isa = XCConfigurationList;
			buildConfigurations = (
				7F7D76062976151A0089EFC4 /* Debug */,
				7F7D76072976151A0089EFC4 /* Release */,
			);
			defaultConfigurationIsVisible = 0;
			defaultConfigurationName = Release;
		};
/* End XCConfigurationList section */
	};
	rootObject = 7F7D75EF297615170089EFC4 /* Project object */;
}
